schema: '2.0'
stages:
  build-paper:
    cmd: calkit xenv -n tex -- latexmk -cd -silent -interaction=nonstopmode -pdf
      pubs/journal-paper/mdocean.tex
    deps:
    - path: mdocean/simulation/modules/OpenFLASH/pubs/src/meem-appendix.tex
      hash: md5
      md5: 63642117622f827efc2cccda9c0e4821
      size: 33226
    - path: pubs/journal-paper/elsarticle-num-names.bst
      hash: md5
      md5: b7e5ed3e511b207839f554935783a005
      size: 30431
    - path: pubs/journal-paper/figs
      hash: md5
      md5: 39b6ab6963e771df0b4fa4122071b74c.dir
      size: 4799285
      nfiles: 58
    - path: pubs/journal-paper/mdocean.tex
      hash: md5
      md5: c9257e104ae56d7eead0906c00508214
      size: 23307
    - path: pubs/journal-paper/numbers.tex
      hash: md5
      md5: 6a436ec60de027fc187298cb0269f1e0
      size: 3622
    - path: pubs/journal-paper/references.bib
      hash: md5
      md5: 9582a66712c6d9ef119c6afbc50f70be
      size: 522348
    - path: pubs/journal-paper/sections/
      hash: md5
      md5: 8ece3abf60f336d532b5c0e08f96c8d2.dir
      size: 398409
      nfiles: 16
    - path: pubs/journal-paper/tables
      hash: md5
      md5: 1e85272a0c5f1117fa4edf4e8e0e8aa4.dir
      size: 8302
      nfiles: 5
    outs:
    - path: pubs/journal-paper/mdocean.pdf
      hash: md5
      md5: e6fa7efa312b641fc715c55656ca8b6b
      size: 5487603
