schema: '2.0'
stages:
  build-paper:
    cmd: calkit xenv -n tex -- latexmk -cd -interaction=nonstopmode -pdf paper/mdocean.tex
    deps:
    - path: paper/figs
      hash: md5
      md5: b60751855a6f57cf9eb68a3797c6abca.dir
      size: 20330335
      nfiles: 140
    - path: paper/mdocean.tex
      hash: md5
      md5: 99f4bf3dcd810e98705ea6a785ad94d1
      size: 22570
    outs:
    - path: paper/mdocean.pdf
      hash: md5
      md5: 55a8e035f028f3058ec272e1744e59d3
      size: 4917547
