schema: '2.0'
stages:
  build-RE-paper:
    cmd: calkit latex build -e tex --no-check -r 
      pubs/renewable-energy-mdo/.latexmkrc pubs/renewable-energy-mdo/mdocean.tex
    deps:
    - path: .calkit/env-locks/tex
      hash: md5
      md5: bce75e09f8a3deb731513d66d450bb87.dir
      size: 1147
      nfiles: 1
    - path: pubs/elsarticle-num-names.bst
      hash: md5
      md5: b24eb82d1afd0a3fa7d82c6efbe1f559
      size: 28896
    - path: pubs/renewable-energy-mdo/.latexmkrc
      hash: md5
      md5: 28b9e5fb182d68fd6f28345d8525de03
      size: 276
    - path: pubs/renewable-energy-mdo/figs
      hash: md5
      md5: 6ba319f2ea180be684ff867870ad7909.dir
      size: 5425640
      nfiles: 57
    - path: pubs/renewable-energy-mdo/mdocean.tex
      hash: md5
      md5: a9886b8a7a114394df8af62c295539ff
      size: 19701
    - path: pubs/renewable-energy-mdo/numbers.tex
      hash: md5
      md5: 4494d05832f0abee97537230fed888eb
      size: 3533
    - path: pubs/renewable-energy-mdo/references.bib
      hash: md5
      md5: fe9f06e4bc6657483a496ac6c7b3191d
      size: 516895
    - path: pubs/renewable-energy-mdo/sections/
      hash: md5
      md5: 45f842a42ca8aea8af38f2c858fca117.dir
      size: 215246
      nfiles: 15
    - path: pubs/renewable-energy-mdo/tables
      hash: md5
      md5: fa2c5d0884538dd060df9dea858dc78f.dir
      size: 8219
      nfiles: 5
    outs:
    - path: pubs/renewable-energy-mdo/mdocean.pdf
      hash: md5
      md5: c94e38f92ad58d195781eb91c4993a21
      size: 3658523
