{
  "lock_version": 1,
  "mip_version": "mep-0009",
  "spec_sha256": "aeffc178b6c7ed7526cf6bc3eae70e6e08fa59c050d2a11d8a364fed08fcb150",
  "packages": [
    {
      "fqn": "gh/mip-org/labs/openflash",
      "name": "openflash",
      "version": "1.0.37",
      "architecture": "any",
      "mhl_url": "https://github.com/mip-org/mip-labs/releases/download/openflash-1.0.37/openflash-1.0.37-any.mhl",
      "mhl_sha256": "5e72baf9ae4270db17a8e305d12a897f4b4ac9ed3251745046e58963dc2d844e",
      "commit_hash": "a40fbb763cc15d4eab02fc63f61d02a4fbe869d3",
      "source_hash": "1d774f5af4dfa6a23831e2eeea6f3c396960d781",
      "dependencies": [],
      "direct": true,
      "base": true,
      "groups": []
    },
    {
      "fqn": "gh/mip-org/staging/wec-sim",
      "name": "wec-sim",
      "version": "7.1.0",
      "architecture": "any",
      "mhl_url": "https://github.com/mip-org/mip-staging/releases/download/wec_sim-7.1.0/wec_sim-7.1.0-any.mhl",
      "mhl_sha256": "d9a6ca29867b3a1a8909c5580e080fb2272a6bab273c4f1db5fe4f5c28c1c4fa",
      "commit_hash": "a23d2993807410fe78cc63546c1ba9d81912024f",
      "source_hash": "1e498f47bd194d6c721dc57f11d8609d653b3db4",
      "dependencies": [],
      "direct": true,
      "base": false,
      "groups": [
        "dev"
      ]
    },
    {
      "fqn": "gh/mip-org/staging/safe",
      "name": "safe",
      "version": "1.2.0",
      "architecture": "any",
      "mhl_url": "https://github.com/mip-org/mip-staging/releases/download/safe-1.2.0/safe-1.2.0-any.mhl",
      "mhl_sha256": "4f90483ac6e4f18ac17a4f58b637ad344e4863009849c9fa1b3bc1c50acd3fab",
      "commit_hash": "7e73d375f9631bfaae0adce3bba4f36940511c3a",
      "source_hash": "e05ac9f71ddca15e99f7658a8c3e9dd856507e74",
      "dependencies": [],
      "direct": true,
      "base": false,
      "groups": [
        "dev"
      ]
    }
  ]
}
