{
  "lock_version": 1,
  "mip_version": "mep-0009",
  "spec_sha256": "717a0ce73e1d3c7264c01ee2ae58e88d48559d8e46d79e090d2774ab9e987307",
  "packages": [
    {
      "fqn": "gh/mip-org/labs/openflash",
      "name": "openflash",
      "version": "1.0.37",
      "architecture": "any",
      "mhl_url": "https://github.com/mip-org/mip-labs/releases/download/openflash-1.0.37/openflash-1.0.37-any.mhl",
      "mhl_sha256": "5e72baf9ae4270db17a8e305d12a897f4b4ac9ed3251745046e58963dc2d844e",
      "commit_hash": "a40fbb763cc15d4eab02fc63f61d02a4fbe869d3",
      "source_hash": "1d774f5af4dfa6a23831e2eeea6f3c396960d781",
      "dependencies": [],
      "direct": true,
      "base": true,
      "groups": []
    },
    {
      "fqn": "gh/mip-org/staging/wec-sim",
      "name": "wec-sim",
      "version": "7.1.0",
      "architecture": "any",
      "mhl_url": "https://github.com/mip-org/mip-staging/releases/download/wec_sim-7.1.0/wec_sim-7.1.0-any.mhl",
      "mhl_sha256": "d9a6ca29867b3a1a8909c5580e080fb2272a6bab273c4f1db5fe4f5c28c1c4fa",
      "commit_hash": "a23d2993807410fe78cc63546c1ba9d81912024f",
      "source_hash": "1e498f47bd194d6c721dc57f11d8609d653b3db4",
      "dependencies": [],
      "direct": true,
      "base": false,
      "groups": [
        "dev"
      ]
    },
    {
      "fqn": "gh/mip-org/staging/safe",
      "name": "safe",
      "version": "main",
      "architecture": "any",
      "mhl_url": "https://github.com/mip-org/mip-staging/releases/download/safe-main/safe-main-any.mhl",
      "mhl_sha256": "13c5bdc486506c7e9a6a98ded96b7b457006e91ff605253ab863374d0991ba32",
      "commit_hash": "c3f70677099ec4b0f33ade0f6db6bf190a63571b",
      "source_hash": "9a454981798f0ed41e502ee149ffe812ba8cf149",
      "dependencies": [],
      "direct": true,
      "base": false,
      "groups": [
        "dev"
      ]
    }
  ]
}
